
Microsoft Visual Studio Solution File, Format Version 12.00
# Visual Studio Version 16
VisualStudioVersion = 16.0.29709.97
MinimumVisualStudioVersion = 10.0.40219.1
Project("{FAE04EC0-301F-11D3-BF4B-00C04F79EFBC}") = "Ambacht.HeightmapUpscale", "Ambacht.HeightmapUpscale\Ambacht.HeightmapUpscale.csproj", "{C73BFAD0-2AB5-406A-B4F1-AB4B6EEF0DEF}"
EndProject
Project("{FAE04EC0-301F-11D3-BF4B-00C04F79EFBC}") = "Ambacht.Data", "Ambacht.Data\Ambacht.Data.csproj", "{23ADF8CC-2E59-48A2-9F2B-58DB415EE003}"
EndProject
Project("{FAE04EC0-301F-11D3-BF4B-00C04F79EFBC}") = "Ambacht.HeightmapUpscale.Test", "Ambacht.HeightmapUpscale.Test\Ambacht.HeightmapUpscale.Test.csproj", "{C1672D07-5351-444B-960A-D545D2063297}"
EndProject
Global
	GlobalSection(SolutionConfigurationPlatforms) = preSolution
		Debug|Any CPU = Debug|Any CPU
		Release|Any CPU = Release|Any CPU
	EndGlobalSection
	GlobalSection(ProjectConfigurationPlatforms) = postSolution
		{C73BFAD0-2AB5-406A-B4F1-AB4B6EEF0DEF}.Debug|Any CPU.ActiveCfg = Debug|Any CPU
		{C73BFAD0-2AB5-406A-B4F1-AB4B6EEF0DEF}.Debug|Any CPU.Build.0 = Debug|Any CPU
		{C73BFAD0-2AB5-406A-B4F1-AB4B6EEF0DEF}.Release|Any CPU.ActiveCfg = Release|Any CPU
		{C73BFAD0-2AB5-406A-B4F1-AB4B6EEF0DEF}.Release|Any CPU.Build.0 = Release|Any CPU
		{23ADF8CC-2E59-48A2-9F2B-58DB415EE003}.Debug|Any CPU.ActiveCfg = Debug|Any CPU
		{23ADF8CC-2E59-48A2-9F2B-58DB415EE003}.Debug|Any CPU.Build.0 = Debug|Any CPU
		{23ADF8CC-2E59-48A2-9F2B-58DB415EE003}.Release|Any CPU.ActiveCfg = Release|Any CPU
		{23ADF8CC-2E59-48A2-9F2B-58DB415EE003}.Release|Any CPU.Build.0 = Release|Any CPU
		{C1672D07-5351-444B-960A-D545D2063297}.Debug|Any CPU.ActiveCfg = Debug|Any CPU
		{C1672D07-5351-444B-960A-D545D2063297}.Debug|Any CPU.Build.0 = Debug|Any CPU
		{C1672D07-5351-444B-960A-D545D2063297}.Release|Any CPU.ActiveCfg = Release|Any CPU
		{C1672D07-5351-444B-960A-D545D2063297}.Release|Any CPU.Build.0 = Release|Any CPU
	EndGlobalSection
	GlobalSection(SolutionProperties) = preSolution
		HideSolutionNode = FALSE
	EndGlobalSection
	GlobalSection(ExtensibilityGlobals) = postSolution
		SolutionGuid = {0E1D33FD-C8AC-4F2E-A458-451394FC63F9}
	EndGlobalSection
EndGlobal
